// !$*UTF8*$!
{
	archiveVersion = 1;
	classes = {
	};
	objectVersion = 55;
	objects = {

/* Begin PBXBuildFile section */
		5420DFD1ADB514180E443DB8 /* Pods_Heron.framework in Frameworks */ = {isa = PBXBuildFile; fileRef = F367B9427926BC6D4EFB89E4 /* Pods_Heron.framework */; };
		8F44A8CAC79E09534AD07075 /* Pods_HeronTests.framework in Frameworks */ = {isa = PBXBuildFile; fileRef = A5AA9FA9CA3DFD5B55427CA8 /* Pods_HeronTests.framework */; };
		930F3032281A05A1003D247A /* ProductListingViewModel.swift in Sources */ = {isa = PBXBuildFile; fileRef = 930F3031281A05A1003D247A /* ProductListingViewModel.swift */; };
		930F3034281A05B5003D247A /* ProductDetailsViewModel.swift in Sources */ = {isa = PBXBuildFile; fileRef = 930F3033281A05B5003D247A /* ProductDetailsViewModel.swift */; };
		930F3036281A05C7003D247A /* ProductDetailsViewController.swift in Sources */ = {isa = PBXBuildFile; fileRef = 930F3035281A05C7003D247A /* ProductDetailsViewController.swift */; };
		930F3039281A1305003D247A /* BaseViewController.swift in Sources */ = {isa = PBXBuildFile; fileRef = 930F3038281A1305003D247A /* BaseViewController.swift */; };
		933D18E82819935900F1CCC4 /* Heron.xcdatamodeld in Sources */ = {isa = PBXBuildFile; fileRef = 933D18E62819935900F1CCC4 /* Heron.xcdatamodeld */; };
		933D18EA2819935E00F1CCC4 /* Assets.xcassets in Resources */ = {isa = PBXBuildFile; fileRef = 933D18E92819935E00F1CCC4 /* Assets.xcassets */; };
		933D18ED2819935E00F1CCC4 /* LaunchScreen.storyboard in Resources */ = {isa = PBXBuildFile; fileRef = 933D18EB2819935E00F1CCC4 /* LaunchScreen.storyboard */; };
		933D18F82819935E00F1CCC4 /* HeronTests.swift in Sources */ = {isa = PBXBuildFile; fileRef = 933D18F72819935E00F1CCC4 /* HeronTests.swift */; };
		933D19022819935E00F1CCC4 /* HeronUITests.swift in Sources */ = {isa = PBXBuildFile; fileRef = 933D19012819935E00F1CCC4 /* HeronUITests.swift */; };
		933D19042819935E00F1CCC4 /* HeronUITestsLaunchTests.swift in Sources */ = {isa = PBXBuildFile; fileRef = 933D19032819935E00F1CCC4 /* HeronUITestsLaunchTests.swift */; };
		933D1913281993DB00F1CCC4 /* AppDelegate.swift in Sources */ = {isa = PBXBuildFile; fileRef = 933D1912281993DB00F1CCC4 /* AppDelegate.swift */; };
		933D19192819940B00F1CCC4 /* ApplicationTracking.swift in Sources */ = {isa = PBXBuildFile; fileRef = 933D19142819940B00F1CCC4 /* ApplicationTracking.swift */; };
		933D191A2819940B00F1CCC4 /* ApplicationCoreData.swift in Sources */ = {isa = PBXBuildFile; fileRef = 933D19152819940B00F1CCC4 /* ApplicationCoreData.swift */; };
		933D191B2819940B00F1CCC4 /* AppNavigationController.swift in Sources */ = {isa = PBXBuildFile; fileRef = 933D19162819940B00F1CCC4 /* AppNavigationController.swift */; };
		933D191C2819940B00F1CCC4 /* ApplicationDataHandler.swift in Sources */ = {isa = PBXBuildFile; fileRef = 933D19172819940B00F1CCC4 /* ApplicationDataHandler.swift */; };
		933D191D2819940B00F1CCC4 /* ApplicationMacros.swift in Sources */ = {isa = PBXBuildFile; fileRef = 933D19182819940B00F1CCC4 /* ApplicationMacros.swift */; };
		933D19212819944100F1CCC4 /* MainViewController.swift in Sources */ = {isa = PBXBuildFile; fileRef = 933D19202819944100F1CCC4 /* MainViewController.swift */; };
		933D19242819944C00F1CCC4 /* LunchScreenViewController.swift in Sources */ = {isa = PBXBuildFile; fileRef = 933D19232819944C00F1CCC4 /* LunchScreenViewController.swift */; };
		933D19272819946000F1CCC4 /* VW_LoadingAnimation.swift in Sources */ = {isa = PBXBuildFile; fileRef = 933D19262819946000F1CCC4 /* VW_LoadingAnimation.swift */; };
		933D19322819946800F1CCC4 /* UITextField_EXT.swift in Sources */ = {isa = PBXBuildFile; fileRef = 933D19292819946800F1CCC4 /* UITextField_EXT.swift */; };
		933D19342819946800F1CCC4 /* UITableView_EXT.swift in Sources */ = {isa = PBXBuildFile; fileRef = 933D192B2819946800F1CCC4 /* UITableView_EXT.swift */; };
		933D19352819946800F1CCC4 /* UIImageView_EXT.swift in Sources */ = {isa = PBXBuildFile; fileRef = 933D192C2819946800F1CCC4 /* UIImageView_EXT.swift */; };
		933D19362819946800F1CCC4 /* UIFont_EXT.swift in Sources */ = {isa = PBXBuildFile; fileRef = 933D192D2819946800F1CCC4 /* UIFont_EXT.swift */; };
		933D19372819946800F1CCC4 /* UIViewController_EXT.swift in Sources */ = {isa = PBXBuildFile; fileRef = 933D192E2819946800F1CCC4 /* UIViewController_EXT.swift */; };
		933D19382819946800F1CCC4 /* UIView_EXT.swift in Sources */ = {isa = PBXBuildFile; fileRef = 933D192F2819946800F1CCC4 /* UIView_EXT.swift */; };
		933D19392819946800F1CCC4 /* String_EXT.swift in Sources */ = {isa = PBXBuildFile; fileRef = 933D19302819946800F1CCC4 /* String_EXT.swift */; };
		933D193A2819946800F1CCC4 /* UIColor_EXT.swift in Sources */ = {isa = PBXBuildFile; fileRef = 933D19312819946800F1CCC4 /* UIColor_EXT.swift */; };
		933D19402819947000F1CCC4 /* UserDataSource.swift in Sources */ = {isa = PBXBuildFile; fileRef = 933D193C2819947000F1CCC4 /* UserDataSource.swift */; };
		933D19412819947000F1CCC4 /* SessionDataSource.swift in Sources */ = {isa = PBXBuildFile; fileRef = 933D193D2819947000F1CCC4 /* SessionDataSource.swift */; };
		933D19422819947000F1CCC4 /* AppVersionDataSource.swift in Sources */ = {isa = PBXBuildFile; fileRef = 933D193E2819947000F1CCC4 /* AppVersionDataSource.swift */; };
		933D19432819947000F1CCC4 /* ResponseDataSource.swift in Sources */ = {isa = PBXBuildFile; fileRef = 933D193F2819947000F1CCC4 /* ResponseDataSource.swift */; };
		933D194828199EEB00F1CCC4 /* ProductListingViewController.swift in Sources */ = {isa = PBXBuildFile; fileRef = 933D194728199EEB00F1CCC4 /* ProductListingViewController.swift */; };
		938F7A882820E78F00DD60DB /* MyOrderViewController.swift in Sources */ = {isa = PBXBuildFile; fileRef = 938F7A872820E78F00DD60DB /* MyOrderViewController.swift */; };
		938F7A8B2820E7DC00DD60DB /* HomepageViewController.swift in Sources */ = {isa = PBXBuildFile; fileRef = 938F7A8A2820E7DC00DD60DB /* HomepageViewController.swift */; };
		938F7A8E28210F3100DD60DB /* ProductTableViewCell.swift in Sources */ = {isa = PBXBuildFile; fileRef = 938F7A8D28210F3100DD60DB /* ProductTableViewCell.swift */; };
		938F7A9F282112B300DD60DB /* SFProText-Medium.ttf in Resources */ = {isa = PBXBuildFile; fileRef = 938F7A93282112B300DD60DB /* SFProText-Medium.ttf */; };
		938F7AA0282112B300DD60DB /* SFProText-Heavy.ttf in Resources */ = {isa = PBXBuildFile; fileRef = 938F7A94282112B300DD60DB /* SFProText-Heavy.ttf */; };
		938F7AA1282112B300DD60DB /* SFProText-RegularItalic.ttf in Resources */ = {isa = PBXBuildFile; fileRef = 938F7A95282112B300DD60DB /* SFProText-RegularItalic.ttf */; };
		938F7AA2282112B300DD60DB /* SFProText-Semibold.ttf in Resources */ = {isa = PBXBuildFile; fileRef = 938F7A96282112B300DD60DB /* SFProText-Semibold.ttf */; };
		938F7AA3282112B300DD60DB /* SFProText-Regular.ttf in Resources */ = {isa = PBXBuildFile; fileRef = 938F7A97282112B300DD60DB /* SFProText-Regular.ttf */; };
		938F7AA4282112B300DD60DB /* SFProText-BoldItalic.ttf in Resources */ = {isa = PBXBuildFile; fileRef = 938F7A98282112B300DD60DB /* SFProText-BoldItalic.ttf */; };
		938F7AA5282112B300DD60DB /* SFProText-MediumItalic.ttf in Resources */ = {isa = PBXBuildFile; fileRef = 938F7A99282112B300DD60DB /* SFProText-MediumItalic.ttf */; };
		938F7AA6282112B300DD60DB /* SFProText-LightItalic.ttf in Resources */ = {isa = PBXBuildFile; fileRef = 938F7A9A282112B300DD60DB /* SFProText-LightItalic.ttf */; };
		938F7AA7282112B300DD60DB /* SFProText-Light.ttf in Resources */ = {isa = PBXBuildFile; fileRef = 938F7A9B282112B300DD60DB /* SFProText-Light.ttf */; };
		938F7AA8282112B300DD60DB /* SFProText-HeavyItalic.ttf in Resources */ = {isa = PBXBuildFile; fileRef = 938F7A9C282112B300DD60DB /* SFProText-HeavyItalic.ttf */; };
		938F7AA9282112B300DD60DB /* SFProText-SemiboldItalic.ttf in Resources */ = {isa = PBXBuildFile; fileRef = 938F7A9D282112B300DD60DB /* SFProText-SemiboldItalic.ttf */; };
		938F7AAA282112B300DD60DB /* SFProText-Bold.ttf in Resources */ = {isa = PBXBuildFile; fileRef = 938F7A9E282112B300DD60DB /* SFProText-Bold.ttf */; };
		938F7AAC28220DD600DD60DB /* BannerView.swift in Sources */ = {isa = PBXBuildFile; fileRef = 938F7AAB28220DD600DD60DB /* BannerView.swift */; };
		93BB690F2830033000BC2E5E /* CategoryCollectionViewCell.swift in Sources */ = {isa = PBXBuildFile; fileRef = 93BB690E2830033000BC2E5E /* CategoryCollectionViewCell.swift */; };
		93BB6911283003B000BC2E5E /* ProductFilterViewModel.swift in Sources */ = {isa = PBXBuildFile; fileRef = 93BB6910283003B000BC2E5E /* ProductFilterViewModel.swift */; };
		93BB69132830050D00BC2E5E /* CategoryDataSource.swift in Sources */ = {isa = PBXBuildFile; fileRef = 93BB69122830050D00BC2E5E /* CategoryDataSource.swift */; };
		93D552212827FA800034B2B7 /* ProductDataSource.swift in Sources */ = {isa = PBXBuildFile; fileRef = 93D552202827FA800034B2B7 /* ProductDataSource.swift */; };
		93D55226282811D20034B2B7 /* Alert_Ext.swift in Sources */ = {isa = PBXBuildFile; fileRef = 93D55225282811D20034B2B7 /* Alert_Ext.swift */; };
		93D55229282A73710034B2B7 /* CartViewController.swift in Sources */ = {isa = PBXBuildFile; fileRef = 93D55228282A73710034B2B7 /* CartViewController.swift */; };
		93D5522C282A75040034B2B7 /* ProductFilterViewController.swift in Sources */ = {isa = PBXBuildFile; fileRef = 93D5522B282A75040034B2B7 /* ProductFilterViewController.swift */; };
		93D5522F282A76B60034B2B7 /* AddToCartViewController.swift in Sources */ = {isa = PBXBuildFile; fileRef = 93D5522E282A76B60034B2B7 /* AddToCartViewController.swift */; };
		93D55231282A79B40034B2B7 /* AddToCartViewModel.swift in Sources */ = {isa = PBXBuildFile; fileRef = 93D55230282A79B40034B2B7 /* AddToCartViewModel.swift */; };
		A3B9C08C5BB52EE77C2C39A0 /* Pods_Heron_HeronUITests.framework in Frameworks */ = {isa = PBXBuildFile; fileRef = 91953BE3CC47F4B3C2262E68 /* Pods_Heron_HeronUITests.framework */; };
/* End PBXBuildFile section */

/* Begin PBXContainerItemProxy section */
		933D18F42819935E00F1CCC4 /* PBXContainerItemProxy */ = {
			isa = PBXContainerItemProxy;
			containerPortal = 933D18D22819935900F1CCC4 /* Project object */;
			proxyType = 1;
			remoteGlobalIDString = 933D18D92819935900F1CCC4;
			remoteInfo = Heron;
		};
		933D18FE2819935E00F1CCC4 /* PBXContainerItemProxy */ = {
			isa = PBXContainerItemProxy;
			containerPortal = 933D18D22819935900F1CCC4 /* Project object */;
			proxyType = 1;
			remoteGlobalIDString = 933D18D92819935900F1CCC4;
			remoteInfo = Heron;
		};
/* End PBXContainerItemProxy section */

/* Begin PBXFileReference section */
		274A19593BFB005372FA29B7 /* Pods-Heron-HeronUITests.debug.xcconfig */ = {isa = PBXFileReference; includeInIndex = 1; lastKnownFileType = text.xcconfig; name = "Pods-Heron-HeronUITests.debug.xcconfig"; path = "Target Support Files/Pods-Heron-HeronUITests/Pods-Heron-HeronUITests.debug.xcconfig"; sourceTree = "<group>"; };
		2F07810B31D8BE9A038CEA94 /* Pods-HeronTests.release.xcconfig */ = {isa = PBXFileReference; includeInIndex = 1; lastKnownFileType = text.xcconfig; name = "Pods-HeronTests.release.xcconfig"; path = "Target Support Files/Pods-HeronTests/Pods-HeronTests.release.xcconfig"; sourceTree = "<group>"; };
		718D7E879D9BB835A6FFA734 /* Pods-HeronTests.debug.xcconfig */ = {isa = PBXFileReference; includeInIndex = 1; lastKnownFileType = text.xcconfig; name = "Pods-HeronTests.debug.xcconfig"; path = "Target Support Files/Pods-HeronTests/Pods-HeronTests.debug.xcconfig"; sourceTree = "<group>"; };
		91953BE3CC47F4B3C2262E68 /* Pods_Heron_HeronUITests.framework */ = {isa = PBXFileReference; explicitFileType = wrapper.framework; includeInIndex = 0; path = Pods_Heron_HeronUITests.framework; sourceTree = BUILT_PRODUCTS_DIR; };
		930F3031281A05A1003D247A /* ProductListingViewModel.swift */ = {isa = PBXFileReference; lastKnownFileType = sourcecode.swift; path = ProductListingViewModel.swift; sourceTree = "<group>"; };
		930F3033281A05B5003D247A /* ProductDetailsViewModel.swift */ = {isa = PBXFileReference; lastKnownFileType = sourcecode.swift; path = ProductDetailsViewModel.swift; sourceTree = "<group>"; };
		930F3035281A05C7003D247A /* ProductDetailsViewController.swift */ = {isa = PBXFileReference; lastKnownFileType = sourcecode.swift; path = ProductDetailsViewController.swift; sourceTree = "<group>"; };
		930F3038281A1305003D247A /* BaseViewController.swift */ = {isa = PBXFileReference; lastKnownFileType = sourcecode.swift; path = BaseViewController.swift; sourceTree = "<group>"; };
		933D18DA2819935900F1CCC4 /* Heron.app */ = {isa = PBXFileReference; explicitFileType = wrapper.application; includeInIndex = 0; path = Heron.app; sourceTree = BUILT_PRODUCTS_DIR; };
		933D18E72819935900F1CCC4 /* Heron.xcdatamodel */ = {isa = PBXFileReference; lastKnownFileType = wrapper.xcdatamodel; path = Heron.xcdatamodel; sourceTree = "<group>"; };
		933D18E92819935E00F1CCC4 /* Assets.xcassets */ = {isa = PBXFileReference; lastKnownFileType = folder.assetcatalog; path = Assets.xcassets; sourceTree = "<group>"; };
		933D18EC2819935E00F1CCC4 /* Base */ = {isa = PBXFileReference; lastKnownFileType = file.storyboard; name = Base; path = Base.lproj/LaunchScreen.storyboard; sourceTree = "<group>"; };
		933D18EE2819935E00F1CCC4 /* Info.plist */ = {isa = PBXFileReference; lastKnownFileType = text.plist.xml; path = Info.plist; sourceTree = "<group>"; };
		933D18F32819935E00F1CCC4 /* HeronTests.xctest */ = {isa = PBXFileReference; explicitFileType = wrapper.cfbundle; includeInIndex = 0; path = HeronTests.xctest; sourceTree = BUILT_PRODUCTS_DIR; };
		933D18F72819935E00F1CCC4 /* HeronTests.swift */ = {isa = PBXFileReference; lastKnownFileType = sourcecode.swift; path = HeronTests.swift; sourceTree = "<group>"; };
		933D18FD2819935E00F1CCC4 /* HeronUITests.xctest */ = {isa = PBXFileReference; explicitFileType = wrapper.cfbundle; includeInIndex = 0; path = HeronUITests.xctest; sourceTree = BUILT_PRODUCTS_DIR; };
		933D19012819935E00F1CCC4 /* HeronUITests.swift */ = {isa = PBXFileReference; lastKnownFileType = sourcecode.swift; path = HeronUITests.swift; sourceTree = "<group>"; };
		933D19032819935E00F1CCC4 /* HeronUITestsLaunchTests.swift */ = {isa = PBXFileReference; lastKnownFileType = sourcecode.swift; path = HeronUITestsLaunchTests.swift; sourceTree = "<group>"; };
		933D1912281993DB00F1CCC4 /* AppDelegate.swift */ = {isa = PBXFileReference; fileEncoding = 4; lastKnownFileType = sourcecode.swift; path = AppDelegate.swift; sourceTree = "<group>"; };
		933D19142819940B00F1CCC4 /* ApplicationTracking.swift */ = {isa = PBXFileReference; fileEncoding = 4; lastKnownFileType = sourcecode.swift; path = ApplicationTracking.swift; sourceTree = "<group>"; };
		933D19152819940B00F1CCC4 /* ApplicationCoreData.swift */ = {isa = PBXFileReference; fileEncoding = 4; lastKnownFileType = sourcecode.swift; path = ApplicationCoreData.swift; sourceTree = "<group>"; };
		933D19162819940B00F1CCC4 /* AppNavigationController.swift */ = {isa = PBXFileReference; fileEncoding = 4; lastKnownFileType = sourcecode.swift; path = AppNavigationController.swift; sourceTree = "<group>"; };
		933D19172819940B00F1CCC4 /* ApplicationDataHandler.swift */ = {isa = PBXFileReference; fileEncoding = 4; lastKnownFileType = sourcecode.swift; path = ApplicationDataHandler.swift; sourceTree = "<group>"; };
		933D19182819940B00F1CCC4 /* ApplicationMacros.swift */ = {isa = PBXFileReference; fileEncoding = 4; lastKnownFileType = sourcecode.swift; path = ApplicationMacros.swift; sourceTree = "<group>"; };
		933D19202819944100F1CCC4 /* MainViewController.swift */ = {isa = PBXFileReference; fileEncoding = 4; lastKnownFileType = sourcecode.swift; path = MainViewController.swift; sourceTree = "<group>"; };
		933D19232819944C00F1CCC4 /* LunchScreenViewController.swift */ = {isa = PBXFileReference; fileEncoding = 4; lastKnownFileType = sourcecode.swift; path = LunchScreenViewController.swift; sourceTree = "<group>"; };
		933D19262819946000F1CCC4 /* VW_LoadingAnimation.swift */ = {isa = PBXFileReference; fileEncoding = 4; lastKnownFileType = sourcecode.swift; path = VW_LoadingAnimation.swift; sourceTree = "<group>"; };
		933D19292819946800F1CCC4 /* UITextField_EXT.swift */ = {isa = PBXFileReference; fileEncoding = 4; lastKnownFileType = sourcecode.swift; path = UITextField_EXT.swift; sourceTree = "<group>"; };
		933D192B2819946800F1CCC4 /* UITableView_EXT.swift */ = {isa = PBXFileReference; fileEncoding = 4; lastKnownFileType = sourcecode.swift; path = UITableView_EXT.swift; sourceTree = "<group>"; };
		933D192C2819946800F1CCC4 /* UIImageView_EXT.swift */ = {isa = PBXFileReference; fileEncoding = 4; lastKnownFileType = sourcecode.swift; path = UIImageView_EXT.swift; sourceTree = "<group>"; };
		933D192D2819946800F1CCC4 /* UIFont_EXT.swift */ = {isa = PBXFileReference; fileEncoding = 4; lastKnownFileType = sourcecode.swift; path = UIFont_EXT.swift; sourceTree = "<group>"; };
		933D192E2819946800F1CCC4 /* UIViewController_EXT.swift */ = {isa = PBXFileReference; fileEncoding = 4; lastKnownFileType = sourcecode.swift; path = UIViewController_EXT.swift; sourceTree = "<group>"; };
		933D192F2819946800F1CCC4 /* UIView_EXT.swift */ = {isa = PBXFileReference; fileEncoding = 4; lastKnownFileType = sourcecode.swift; path = UIView_EXT.swift; sourceTree = "<group>"; };
		933D19302819946800F1CCC4 /* String_EXT.swift */ = {isa = PBXFileReference; fileEncoding = 4; lastKnownFileType = sourcecode.swift; path = String_EXT.swift; sourceTree = "<group>"; };
		933D19312819946800F1CCC4 /* UIColor_EXT.swift */ = {isa = PBXFileReference; fileEncoding = 4; lastKnownFileType = sourcecode.swift; path = UIColor_EXT.swift; sourceTree = "<group>"; };
		933D193C2819947000F1CCC4 /* UserDataSource.swift */ = {isa = PBXFileReference; fileEncoding = 4; lastKnownFileType = sourcecode.swift; path = UserDataSource.swift; sourceTree = "<group>"; };
		933D193D2819947000F1CCC4 /* SessionDataSource.swift */ = {isa = PBXFileReference; fileEncoding = 4; lastKnownFileType = sourcecode.swift; path = SessionDataSource.swift; sourceTree = "<group>"; };
		933D193E2819947000F1CCC4 /* AppVersionDataSource.swift */ = {isa = PBXFileReference; fileEncoding = 4; lastKnownFileType = sourcecode.swift; path = AppVersionDataSource.swift; sourceTree = "<group>"; };
		933D193F2819947000F1CCC4 /* ResponseDataSource.swift */ = {isa = PBXFileReference; fileEncoding = 4; lastKnownFileType = sourcecode.swift; path = ResponseDataSource.swift; sourceTree = "<group>"; };
		933D194428199A9700F1CCC4 /* Heron.entitlements */ = {isa = PBXFileReference; lastKnownFileType = text.plist.entitlements; path = Heron.entitlements; sourceTree = "<group>"; };
		933D194728199EEB00F1CCC4 /* ProductListingViewController.swift */ = {isa = PBXFileReference; lastKnownFileType = sourcecode.swift; path = ProductListingViewController.swift; sourceTree = "<group>"; };
		938F7A872820E78F00DD60DB /* MyOrderViewController.swift */ = {isa = PBXFileReference; lastKnownFileType = sourcecode.swift; path = MyOrderViewController.swift; sourceTree = "<group>"; };
		938F7A8A2820E7DC00DD60DB /* HomepageViewController.swift */ = {isa = PBXFileReference; lastKnownFileType = sourcecode.swift; path = HomepageViewController.swift; sourceTree = "<group>"; };
		938F7A8D28210F3100DD60DB /* ProductTableViewCell.swift */ = {isa = PBXFileReference; lastKnownFileType = sourcecode.swift; path = ProductTableViewCell.swift; sourceTree = "<group>"; };
		938F7A93282112B300DD60DB /* SFProText-Medium.ttf */ = {isa = PBXFileReference; lastKnownFileType = file; path = "SFProText-Medium.ttf"; sourceTree = "<group>"; };
		938F7A94282112B300DD60DB /* SFProText-Heavy.ttf */ = {isa = PBXFileReference; lastKnownFileType = file; path = "SFProText-Heavy.ttf"; sourceTree = "<group>"; };
		938F7A95282112B300DD60DB /* SFProText-RegularItalic.ttf */ = {isa = PBXFileReference; lastKnownFileType = file; path = "SFProText-RegularItalic.ttf"; sourceTree = "<group>"; };
		938F7A96282112B300DD60DB /* SFProText-Semibold.ttf */ = {isa = PBXFileReference; lastKnownFileType = file; path = "SFProText-Semibold.ttf"; sourceTree = "<group>"; };
		938F7A97282112B300DD60DB /* SFProText-Regular.ttf */ = {isa = PBXFileReference; lastKnownFileType = file; path = "SFProText-Regular.ttf"; sourceTree = "<group>"; };
		938F7A98282112B300DD60DB /* SFProText-BoldItalic.ttf */ = {isa = PBXFileReference; lastKnownFileType = file; path = "SFProText-BoldItalic.ttf"; sourceTree = "<group>"; };
		938F7A99282112B300DD60DB /* SFProText-MediumItalic.ttf */ = {isa = PBXFileReference; lastKnownFileType = file; path = "SFProText-MediumItalic.ttf"; sourceTree = "<group>"; };
		938F7A9A282112B300DD60DB /* SFProText-LightItalic.ttf */ = {isa = PBXFileReference; lastKnownFileType = file; path = "SFProText-LightItalic.ttf"; sourceTree = "<group>"; };
		938F7A9B282112B300DD60DB /* SFProText-Light.ttf */ = {isa = PBXFileReference; lastKnownFileType = file; path = "SFProText-Light.ttf"; sourceTree = "<group>"; };
		938F7A9C282112B300DD60DB /* SFProText-HeavyItalic.ttf */ = {isa = PBXFileReference; lastKnownFileType = file; path = "SFProText-HeavyItalic.ttf"; sourceTree = "<group>"; };
		938F7A9D282112B300DD60DB /* SFProText-SemiboldItalic.ttf */ = {isa = PBXFileReference; lastKnownFileType = file; path = "SFProText-SemiboldItalic.ttf"; sourceTree = "<group>"; };
		938F7A9E282112B300DD60DB /* SFProText-Bold.ttf */ = {isa = PBXFileReference; lastKnownFileType = file; path = "SFProText-Bold.ttf"; sourceTree = "<group>"; };
		938F7AAB28220DD600DD60DB /* BannerView.swift */ = {isa = PBXFileReference; fileEncoding = 4; lastKnownFileType = sourcecode.swift; path = BannerView.swift; sourceTree = "<group>"; };
		93BB690E2830033000BC2E5E /* CategoryCollectionViewCell.swift */ = {isa = PBXFileReference; lastKnownFileType = sourcecode.swift; path = CategoryCollectionViewCell.swift; sourceTree = "<group>"; };
		93BB6910283003B000BC2E5E /* ProductFilterViewModel.swift */ = {isa = PBXFileReference; lastKnownFileType = sourcecode.swift; path = ProductFilterViewModel.swift; sourceTree = "<group>"; };
		93BB69122830050D00BC2E5E /* CategoryDataSource.swift */ = {isa = PBXFileReference; lastKnownFileType = sourcecode.swift; path = CategoryDataSource.swift; sourceTree = "<group>"; };
		93D552202827FA800034B2B7 /* ProductDataSource.swift */ = {isa = PBXFileReference; lastKnownFileType = sourcecode.swift; path = ProductDataSource.swift; sourceTree = "<group>"; };
		93D55225282811D20034B2B7 /* Alert_Ext.swift */ = {isa = PBXFileReference; fileEncoding = 4; lastKnownFileType = sourcecode.swift; path = Alert_Ext.swift; sourceTree = "<group>"; };
		93D55228282A73710034B2B7 /* CartViewController.swift */ = {isa = PBXFileReference; lastKnownFileType = sourcecode.swift; path = CartViewController.swift; sourceTree = "<group>"; };
		93D5522B282A75040034B2B7 /* ProductFilterViewController.swift */ = {isa = PBXFileReference; lastKnownFileType = sourcecode.swift; path = ProductFilterViewController.swift; sourceTree = "<group>"; };
		93D5522E282A76B60034B2B7 /* AddToCartViewController.swift */ = {isa = PBXFileReference; lastKnownFileType = sourcecode.swift; path = AddToCartViewController.swift; sourceTree = "<group>"; };
		93D55230282A79B40034B2B7 /* AddToCartViewModel.swift */ = {isa = PBXFileReference; lastKnownFileType = sourcecode.swift; path = AddToCartViewModel.swift; sourceTree = "<group>"; };
		A5AA9FA9CA3DFD5B55427CA8 /* Pods_HeronTests.framework */ = {isa = PBXFileReference; explicitFileType = wrapper.framework; includeInIndex = 0; path = Pods_HeronTests.framework; sourceTree = BUILT_PRODUCTS_DIR; };
		E85654E54AF8EB6B8A702EA4 /* Pods-Heron-HeronUITests.release.xcconfig */ = {isa = PBXFileReference; includeInIndex = 1; lastKnownFileType = text.xcconfig; name = "Pods-Heron-HeronUITests.release.xcconfig"; path = "Target Support Files/Pods-Heron-HeronUITests/Pods-Heron-HeronUITests.release.xcconfig"; sourceTree = "<group>"; };
		EFB177E120D1345F5BAF7A28 /* Pods-Heron.debug.xcconfig */ = {isa = PBXFileReference; includeInIndex = 1; lastKnownFileType = text.xcconfig; name = "Pods-Heron.debug.xcconfig"; path = "Target Support Files/Pods-Heron/Pods-Heron.debug.xcconfig"; sourceTree = "<group>"; };
		F367B9427926BC6D4EFB89E4 /* Pods_Heron.framework */ = {isa = PBXFileReference; explicitFileType = wrapper.framework; includeInIndex = 0; path = Pods_Heron.framework; sourceTree = BUILT_PRODUCTS_DIR; };
		FE5658FDA4AA8F3FACA459F3 /* Pods-Heron.release.xcconfig */ = {isa = PBXFileReference; includeInIndex = 1; lastKnownFileType = text.xcconfig; name = "Pods-Heron.release.xcconfig"; path = "Target Support Files/Pods-Heron/Pods-Heron.release.xcconfig"; sourceTree = "<group>"; };
/* End PBXFileReference section */

/* Begin PBXFrameworksBuildPhase section */
		933D18D72819935900F1CCC4 /* Frameworks */ = {
			isa = PBXFrameworksBuildPhase;
			buildActionMask = 2147483647;
			files = (
				5420DFD1ADB514180E443DB8 /* Pods_Heron.framework in Frameworks */,
			);
			runOnlyForDeploymentPostprocessing = 0;
		};
		933D18F02819935E00F1CCC4 /* Frameworks */ = {
			isa = PBXFrameworksBuildPhase;
			buildActionMask = 2147483647;
			files = (
				8F44A8CAC79E09534AD07075 /* Pods_HeronTests.framework in Frameworks */,
			);
			runOnlyForDeploymentPostprocessing = 0;
		};
		933D18FA2819935E00F1CCC4 /* Frameworks */ = {
			isa = PBXFrameworksBuildPhase;
			buildActionMask = 2147483647;
			files = (
				A3B9C08C5BB52EE77C2C39A0 /* Pods_Heron_HeronUITests.framework in Frameworks */,
			);
			runOnlyForDeploymentPostprocessing = 0;
		};
/* End PBXFrameworksBuildPhase section */

/* Begin PBXGroup section */
		75A858D48E3B78311D34E771 /* Pods */ = {
			isa = PBXGroup;
			children = (
				EFB177E120D1345F5BAF7A28 /* Pods-Heron.debug.xcconfig */,
				FE5658FDA4AA8F3FACA459F3 /* Pods-Heron.release.xcconfig */,
				274A19593BFB005372FA29B7 /* Pods-Heron-HeronUITests.debug.xcconfig */,
				E85654E54AF8EB6B8A702EA4 /* Pods-Heron-HeronUITests.release.xcconfig */,
				718D7E879D9BB835A6FFA734 /* Pods-HeronTests.debug.xcconfig */,
				2F07810B31D8BE9A038CEA94 /* Pods-HeronTests.release.xcconfig */,
			);
			path = Pods;
			sourceTree = "<group>";
		};
		930F3030281A0577003D247A /* ProductDetailsViewController */ = {
			isa = PBXGroup;
			children = (
				93D5522D282A76790034B2B7 /* AddToCartViewController */,
				930F3035281A05C7003D247A /* ProductDetailsViewController.swift */,
				930F3033281A05B5003D247A /* ProductDetailsViewModel.swift */,
			);
			path = ProductDetailsViewController;
			sourceTree = "<group>";
		};
		930F3037281A05E5003D247A /* BaseViewController */ = {
			isa = PBXGroup;
			children = (
				930F3038281A1305003D247A /* BaseViewController.swift */,
			);
			path = BaseViewController;
			sourceTree = "<group>";
		};
		933D18D12819935900F1CCC4 = {
			isa = PBXGroup;
			children = (
				933D18DC2819935900F1CCC4 /* Heron */,
				933D18F62819935E00F1CCC4 /* HeronTests */,
				933D19002819935E00F1CCC4 /* HeronUITests */,
				933D18DB2819935900F1CCC4 /* Products */,
				75A858D48E3B78311D34E771 /* Pods */,
				FDD6F5C2326508B4B9DB604E /* Frameworks */,
			);
			sourceTree = "<group>";
		};
		933D18DB2819935900F1CCC4 /* Products */ = {
			isa = PBXGroup;
			children = (
				933D18DA2819935900F1CCC4 /* Heron.app */,
				933D18F32819935E00F1CCC4 /* HeronTests.xctest */,
				933D18FD2819935E00F1CCC4 /* HeronUITests.xctest */,
			);
			name = Products;
			sourceTree = "<group>";
		};
		933D18DC2819935900F1CCC4 /* Heron */ = {
			isa = PBXGroup;
			children = (
				933D194428199A9700F1CCC4 /* Heron.entitlements */,
				933D19282819946800F1CCC4 /* Extensions */,
				933D193B2819947000F1CCC4 /* Entities */,
				933D19252819946000F1CCC4 /* Views */,
				933D191E2819943000F1CCC4 /* ViewControllers */,
				933D1911281993C400F1CCC4 /* Applications */,
				933D19102819938D00F1CCC4 /* SupportingFiles */,
			);
			path = Heron;
			sourceTree = "<group>";
		};
		933D18F62819935E00F1CCC4 /* HeronTests */ = {
			isa = PBXGroup;
			children = (
				933D18F72819935E00F1CCC4 /* HeronTests.swift */,
			);
			path = HeronTests;
			sourceTree = "<group>";
		};
		933D19002819935E00F1CCC4 /* HeronUITests */ = {
			isa = PBXGroup;
			children = (
				933D19012819935E00F1CCC4 /* HeronUITests.swift */,
				933D19032819935E00F1CCC4 /* HeronUITestsLaunchTests.swift */,
			);
			path = HeronUITests;
			sourceTree = "<group>";
		};
		933D19102819938D00F1CCC4 /* SupportingFiles */ = {
			isa = PBXGroup;
			children = (
				933D18E92819935E00F1CCC4 /* Assets.xcassets */,
				933D18EB2819935E00F1CCC4 /* LaunchScreen.storyboard */,
				933D18EE2819935E00F1CCC4 /* Info.plist */,
				933D18E62819935900F1CCC4 /* Heron.xcdatamodeld */,
			);
			path = SupportingFiles;
			sourceTree = "<group>";
		};
		933D1911281993C400F1CCC4 /* Applications */ = {
			isa = PBXGroup;
			children = (
				933D1912281993DB00F1CCC4 /* AppDelegate.swift */,
				933D19162819940B00F1CCC4 /* AppNavigationController.swift */,
				933D19172819940B00F1CCC4 /* ApplicationDataHandler.swift */,
				933D19152819940B00F1CCC4 /* ApplicationCoreData.swift */,
				933D19142819940B00F1CCC4 /* ApplicationTracking.swift */,
				933D19182819940B00F1CCC4 /* ApplicationMacros.swift */,
			);
			path = Applications;
			sourceTree = "<group>";
		};
		933D191E2819943000F1CCC4 /* ViewControllers */ = {
			isa = PBXGroup;
			children = (
				93D55227282A73550034B2B7 /* CartViewController */,
				930F3037281A05E5003D247A /* BaseViewController */,
				933D194528199D6000F1CCC4 /* LoginViewController */,
				933D191F2819943A00F1CCC4 /* MainViewController */,
				933D19222819944C00F1CCC4 /* LunchScreenViewController */,
			);
			path = ViewControllers;
			sourceTree = "<group>";
		};
		933D191F2819943A00F1CCC4 /* MainViewController */ = {
			isa = PBXGroup;
			children = (
				938F7A892820E7BD00DD60DB /* HomepageViewController */,
				938F7A862820E77500DD60DB /* MyOrderViewController */,
				933D194628199DD700F1CCC4 /* ProductListingViewController */,
				933D19202819944100F1CCC4 /* MainViewController.swift */,
			);
			path = MainViewController;
			sourceTree = "<group>";
		};
		933D19222819944C00F1CCC4 /* LunchScreenViewController */ = {
			isa = PBXGroup;
			children = (
				933D19232819944C00F1CCC4 /* LunchScreenViewController.swift */,
			);
			path = LunchScreenViewController;
			sourceTree = "<group>";
		};
		933D19252819946000F1CCC4 /* Views */ = {
			isa = PBXGroup;
			children = (
				938F7A8F2821119E00DD60DB /* BannerView */,
				933D19262819946000F1CCC4 /* VW_LoadingAnimation.swift */,
			);
			path = Views;
			sourceTree = "<group>";
		};
		933D19282819946800F1CCC4 /* Extensions */ = {
			isa = PBXGroup;
			children = (
				938F7A92282112B300DD60DB /* Fonts */,
				933D19292819946800F1CCC4 /* UITextField_EXT.swift */,
				93D55225282811D20034B2B7 /* Alert_Ext.swift */,
				933D192B2819946800F1CCC4 /* UITableView_EXT.swift */,
				933D192C2819946800F1CCC4 /* UIImageView_EXT.swift */,
				933D192D2819946800F1CCC4 /* UIFont_EXT.swift */,
				933D192E2819946800F1CCC4 /* UIViewController_EXT.swift */,
				933D192F2819946800F1CCC4 /* UIView_EXT.swift */,
				933D19302819946800F1CCC4 /* String_EXT.swift */,
				933D19312819946800F1CCC4 /* UIColor_EXT.swift */,
			);
			path = Extensions;
			sourceTree = "<group>";
		};
		933D193B2819947000F1CCC4 /* Entities */ = {
			isa = PBXGroup;
			children = (
				93D5521F2827FA690034B2B7 /* ProductDataSource */,
				933D193C2819947000F1CCC4 /* UserDataSource.swift */,
				933D193D2819947000F1CCC4 /* SessionDataSource.swift */,
				933D193E2819947000F1CCC4 /* AppVersionDataSource.swift */,
				933D193F2819947000F1CCC4 /* ResponseDataSource.swift */,
			);
			path = Entities;
			sourceTree = "<group>";
		};
		933D194528199D6000F1CCC4 /* LoginViewController */ = {
			isa = PBXGroup;
			children = (
			);
			path = LoginViewController;
			sourceTree = "<group>";
		};
		933D194628199DD700F1CCC4 /* ProductListingViewController */ = {
			isa = PBXGroup;
			children = (
				93D5522A282A74870034B2B7 /* ProductFilterViewController */,
				930F3030281A0577003D247A /* ProductDetailsViewController */,
				938F7A8C28210F0C00DD60DB /* ProductTableViewCell */,
				933D194728199EEB00F1CCC4 /* ProductListingViewController.swift */,
				930F3031281A05A1003D247A /* ProductListingViewModel.swift */,
			);
			path = ProductListingViewController;
			sourceTree = "<group>";
		};
		938F7A862820E77500DD60DB /* MyOrderViewController */ = {
			isa = PBXGroup;
			children = (
				938F7A872820E78F00DD60DB /* MyOrderViewController.swift */,
			);
			path = MyOrderViewController;
			sourceTree = "<group>";
		};
		938F7A892820E7BD00DD60DB /* HomepageViewController */ = {
			isa = PBXGroup;
			children = (
				938F7A8A2820E7DC00DD60DB /* HomepageViewController.swift */,
			);
			path = HomepageViewController;
			sourceTree = "<group>";
		};
		938F7A8C28210F0C00DD60DB /* ProductTableViewCell */ = {
			isa = PBXGroup;
			children = (
				938F7A8D28210F3100DD60DB /* ProductTableViewCell.swift */,
			);
			path = ProductTableViewCell;
			sourceTree = "<group>";
		};
		938F7A8F2821119E00DD60DB /* BannerView */ = {
			isa = PBXGroup;
			children = (
				938F7AAB28220DD600DD60DB /* BannerView.swift */,
			);
			path = BannerView;
			sourceTree = "<group>";
		};
		938F7A92282112B300DD60DB /* Fonts */ = {
			isa = PBXGroup;
			children = (
				938F7A93282112B300DD60DB /* SFProText-Medium.ttf */,
				938F7A94282112B300DD60DB /* SFProText-Heavy.ttf */,
				938F7A95282112B300DD60DB /* SFProText-RegularItalic.ttf */,
				938F7A96282112B300DD60DB /* SFProText-Semibold.ttf */,
				938F7A97282112B300DD60DB /* SFProText-Regular.ttf */,
				938F7A98282112B300DD60DB /* SFProText-BoldItalic.ttf */,
				938F7A99282112B300DD60DB /* SFProText-MediumItalic.ttf */,
				938F7A9A282112B300DD60DB /* SFProText-LightItalic.ttf */,
				938F7A9B282112B300DD60DB /* SFProText-Light.ttf */,
				938F7A9C282112B300DD60DB /* SFProText-HeavyItalic.ttf */,
				938F7A9D282112B300DD60DB /* SFProText-SemiboldItalic.ttf */,
				938F7A9E282112B300DD60DB /* SFProText-Bold.ttf */,
			);
			path = Fonts;
			sourceTree = "<group>";
		};
		93BB690D2830031100BC2E5E /* CategoryCollectionViewCell */ = {
			isa = PBXGroup;
			children = (
				93BB690E2830033000BC2E5E /* CategoryCollectionViewCell.swift */,
			);
			path = CategoryCollectionViewCell;
			sourceTree = "<group>";
		};
		93D5521F2827FA690034B2B7 /* ProductDataSource */ = {
			isa = PBXGroup;
			children = (
				93D552202827FA800034B2B7 /* ProductDataSource.swift */,
				93BB69122830050D00BC2E5E /* CategoryDataSource.swift */,
			);
			path = ProductDataSource;
			sourceTree = "<group>";
		};
		93D55227282A73550034B2B7 /* CartViewController */ = {
			isa = PBXGroup;
			children = (
				93D55228282A73710034B2B7 /* CartViewController.swift */,
			);
			path = CartViewController;
			sourceTree = "<group>";
		};
		93D5522A282A74870034B2B7 /* ProductFilterViewController */ = {
			isa = PBXGroup;
			children = (
				93D5522B282A75040034B2B7 /* ProductFilterViewController.swift */,
				93BB6910283003B000BC2E5E /* ProductFilterViewModel.swift */,
				93BB690D2830031100BC2E5E /* CategoryCollectionViewCell */,
			);
			path = ProductFilterViewController;
			sourceTree = "<group>";
		};
		93D5522D282A76790034B2B7 /* AddToCartViewController */ = {
			isa = PBXGroup;
			children = (
				93D5522E282A76B60034B2B7 /* AddToCartViewController.swift */,
				93D55230282A79B40034B2B7 /* AddToCartViewModel.swift */,
			);
			path = AddToCartViewController;
			sourceTree = "<group>";
		};
		FDD6F5C2326508B4B9DB604E /* Frameworks */ = {
			isa = PBXGroup;
			children = (
				F367B9427926BC6D4EFB89E4 /* Pods_Heron.framework */,
				91953BE3CC47F4B3C2262E68 /* Pods_Heron_HeronUITests.framework */,
				A5AA9FA9CA3DFD5B55427CA8 /* Pods_HeronTests.framework */,
			);
			name = Frameworks;
			sourceTree = "<group>";
		};
/* End PBXGroup section */

/* Begin PBXNativeTarget section */
		933D18D92819935900F1CCC4 /* Heron */ = {
			isa = PBXNativeTarget;
			buildConfigurationList = 933D19072819935E00F1CCC4 /* Build configuration list for PBXNativeTarget "Heron" */;
			buildPhases = (
				46069F85B42A8FE8B828ACE4 /* [CP] Check Pods Manifest.lock */,
				933D18D62819935900F1CCC4 /* Sources */,
				933D18D72819935900F1CCC4 /* Frameworks */,
				933D18D82819935900F1CCC4 /* Resources */,
				0D0B98E301021DD03AA81D9A /* [CP] Embed Pods Frameworks */,
			);
			buildRules = (
			);
			dependencies = (
			);
			name = Heron;
			productName = Heron;
			productReference = 933D18DA2819935900F1CCC4 /* Heron.app */;
			productType = "com.apple.product-type.application";
		};
		933D18F22819935E00F1CCC4 /* HeronTests */ = {
			isa = PBXNativeTarget;
			buildConfigurationList = 933D190A2819935E00F1CCC4 /* Build configuration list for PBXNativeTarget "HeronTests" */;
			buildPhases = (
				DA67F540836E541EE4B374E8 /* [CP] Check Pods Manifest.lock */,
				933D18EF2819935E00F1CCC4 /* Sources */,
				933D18F02819935E00F1CCC4 /* Frameworks */,
				933D18F12819935E00F1CCC4 /* Resources */,
			);
			buildRules = (
			);
			dependencies = (
				933D18F52819935E00F1CCC4 /* PBXTargetDependency */,
			);
			name = HeronTests;
			productName = HeronTests;
			productReference = 933D18F32819935E00F1CCC4 /* HeronTests.xctest */;
			productType = "com.apple.product-type.bundle.unit-test";
		};
		933D18FC2819935E00F1CCC4 /* HeronUITests */ = {
			isa = PBXNativeTarget;
			buildConfigurationList = 933D190D2819935E00F1CCC4 /* Build configuration list for PBXNativeTarget "HeronUITests" */;
			buildPhases = (
				0D980B6731B6901CC88CFFFB /* [CP] Check Pods Manifest.lock */,
				933D18F92819935E00F1CCC4 /* Sources */,
				933D18FA2819935E00F1CCC4 /* Frameworks */,
				933D18FB2819935E00F1CCC4 /* Resources */,
				720B470BD5E0B453DF5F20E6 /* [CP] Embed Pods Frameworks */,
			);
			buildRules = (
			);
			dependencies = (
				933D18FF2819935E00F1CCC4 /* PBXTargetDependency */,
			);
			name = HeronUITests;
			productName = HeronUITests;
			productReference = 933D18FD2819935E00F1CCC4 /* HeronUITests.xctest */;
			productType = "com.apple.product-type.bundle.ui-testing";
		};
/* End PBXNativeTarget section */

/* Begin PBXProject section */
		933D18D22819935900F1CCC4 /* Project object */ = {
			isa = PBXProject;
			attributes = {
				BuildIndependentTargetsInParallel = 1;
				LastSwiftUpdateCheck = 1320;
				LastUpgradeCheck = 1320;
				TargetAttributes = {
					933D18D92819935900F1CCC4 = {
						CreatedOnToolsVersion = 13.2.1;
						LastSwiftMigration = 1320;
					};
					933D18F22819935E00F1CCC4 = {
						CreatedOnToolsVersion = 13.2.1;
						TestTargetID = 933D18D92819935900F1CCC4;
					};
					933D18FC2819935E00F1CCC4 = {
						CreatedOnToolsVersion = 13.2.1;
						TestTargetID = 933D18D92819935900F1CCC4;
					};
				};
			};
			buildConfigurationList = 933D18D52819935900F1CCC4 /* Build configuration list for PBXProject "Heron" */;
			compatibilityVersion = "Xcode 13.0";
			developmentRegion = en;
			hasScannedForEncodings = 0;
			knownRegions = (
				en,
				Base,
			);
			mainGroup = 933D18D12819935900F1CCC4;
			productRefGroup = 933D18DB2819935900F1CCC4 /* Products */;
			projectDirPath = "";
			projectRoot = "";
			targets = (
				933D18D92819935900F1CCC4 /* Heron */,
				933D18F22819935E00F1CCC4 /* HeronTests */,
				933D18FC2819935E00F1CCC4 /* HeronUITests */,
			);
		};
/* End PBXProject section */

/* Begin PBXResourcesBuildPhase section */
		933D18D82819935900F1CCC4 /* Resources */ = {
			isa = PBXResourcesBuildPhase;
			buildActionMask = 2147483647;
			files = (
				938F7AA0282112B300DD60DB /* SFProText-Heavy.ttf in Resources */,
				938F7AA6282112B300DD60DB /* SFProText-LightItalic.ttf in Resources */,
				938F7AA9282112B300DD60DB /* SFProText-SemiboldItalic.ttf in Resources */,
				938F7A9F282112B300DD60DB /* SFProText-Medium.ttf in Resources */,
				938F7AA5282112B300DD60DB /* SFProText-MediumItalic.ttf in Resources */,
				938F7AA8282112B300DD60DB /* SFProText-HeavyItalic.ttf in Resources */,
				938F7AA3282112B300DD60DB /* SFProText-Regular.ttf in Resources */,
				938F7AA7282112B300DD60DB /* SFProText-Light.ttf in Resources */,
				933D18ED2819935E00F1CCC4 /* LaunchScreen.storyboard in Resources */,
				933D18EA2819935E00F1CCC4 /* Assets.xcassets in Resources */,
				938F7AA1282112B300DD60DB /* SFProText-RegularItalic.ttf in Resources */,
				938F7AA2282112B300DD60DB /* SFProText-Semibold.ttf in Resources */,
				938F7AA4282112B300DD60DB /* SFProText-BoldItalic.ttf in Resources */,
				938F7AAA282112B300DD60DB /* SFProText-Bold.ttf in Resources */,
			);
			runOnlyForDeploymentPostprocessing = 0;
		};
		933D18F12819935E00F1CCC4 /* Resources */ = {
			isa = PBXResourcesBuildPhase;
			buildActionMask = 2147483647;
			files = (
			);
			runOnlyForDeploymentPostprocessing = 0;
		};
		933D18FB2819935E00F1CCC4 /* Resources */ = {
			isa = PBXResourcesBuildPhase;
			buildActionMask = 2147483647;
			files = (
			);
			runOnlyForDeploymentPostprocessing = 0;
		};
/* End PBXResourcesBuildPhase section */

/* Begin PBXShellScriptBuildPhase section */
		0D0B98E301021DD03AA81D9A /* [CP] Embed Pods Frameworks */ = {
			isa = PBXShellScriptBuildPhase;
			buildActionMask = 2147483647;
			files = (
			);
			inputFileListPaths = (
				"${PODS_ROOT}/Target Support Files/Pods-Heron/Pods-Heron-frameworks-${CONFIGURATION}-input-files.xcfilelist",
			);
			name = "[CP] Embed Pods Frameworks";
			outputFileListPaths = (
				"${PODS_ROOT}/Target Support Files/Pods-Heron/Pods-Heron-frameworks-${CONFIGURATION}-output-files.xcfilelist",
			);
			runOnlyForDeploymentPostprocessing = 0;
			shellPath = /bin/sh;
			shellScript = "\"${PODS_ROOT}/Target Support Files/Pods-Heron/Pods-Heron-frameworks.sh\"\n";
			showEnvVarsInLog = 0;
		};
		0D980B6731B6901CC88CFFFB /* [CP] Check Pods Manifest.lock */ = {
			isa = PBXShellScriptBuildPhase;
			buildActionMask = 2147483647;
			files = (
			);
			inputFileListPaths = (
			);
			inputPaths = (
				"${PODS_PODFILE_DIR_PATH}/Podfile.lock",
				"${PODS_ROOT}/Manifest.lock",
			);
			name = "[CP] Check Pods Manifest.lock";
			outputFileListPaths = (
			);
			outputPaths = (
				"$(DERIVED_FILE_DIR)/Pods-Heron-HeronUITests-checkManifestLockResult.txt",
			);
			runOnlyForDeploymentPostprocessing = 0;
			shellPath = /bin/sh;
			shellScript = "diff \"${PODS_PODFILE_DIR_PATH}/Podfile.lock\" \"${PODS_ROOT}/Manifest.lock\" > /dev/null\nif [ $? != 0 ] ; then\n    # print error to STDERR\n    echo \"error: The sandbox is not in sync with the Podfile.lock. Run 'pod install' or update your CocoaPods installation.\" >&2\n    exit 1\nfi\n# This output is used by Xcode 'outputs' to avoid re-running this script phase.\necho \"SUCCESS\" > \"${SCRIPT_OUTPUT_FILE_0}\"\n";
			showEnvVarsInLog = 0;
		};
		46069F85B42A8FE8B828ACE4 /* [CP] Check Pods Manifest.lock */ = {
			isa = PBXShellScriptBuildPhase;
			buildActionMask = 2147483647;
			files = (
			);
			inputFileListPaths = (
			);
			inputPaths = (
				"${PODS_PODFILE_DIR_PATH}/Podfile.lock",
				"${PODS_ROOT}/Manifest.lock",
			);
			name = "[CP] Check Pods Manifest.lock";
			outputFileListPaths = (
			);
			outputPaths = (
				"$(DERIVED_FILE_DIR)/Pods-Heron-checkManifestLockResult.txt",
			);
			runOnlyForDeploymentPostprocessing = 0;
			shellPath = /bin/sh;
			shellScript = "diff \"${PODS_PODFILE_DIR_PATH}/Podfile.lock\" \"${PODS_ROOT}/Manifest.lock\" > /dev/null\nif [ $? != 0 ] ; then\n    # print error to STDERR\n    echo \"error: The sandbox is not in sync with the Podfile.lock. Run 'pod install' or update your CocoaPods installation.\" >&2\n    exit 1\nfi\n# This output is used by Xcode 'outputs' to avoid re-running this script phase.\necho \"SUCCESS\" > \"${SCRIPT_OUTPUT_FILE_0}\"\n";
			showEnvVarsInLog = 0;
		};
		720B470BD5E0B453DF5F20E6 /* [CP] Embed Pods Frameworks */ = {
			isa = PBXShellScriptBuildPhase;
			buildActionMask = 2147483647;
			files = (
			);
			inputFileListPaths = (
				"${PODS_ROOT}/Target Support Files/Pods-Heron-HeronUITests/Pods-Heron-HeronUITests-frameworks-${CONFIGURATION}-input-files.xcfilelist",
			);
			name = "[CP] Embed Pods Frameworks";
			outputFileListPaths = (
				"${PODS_ROOT}/Target Support Files/Pods-Heron-HeronUITests/Pods-Heron-HeronUITests-frameworks-${CONFIGURATION}-output-files.xcfilelist",
			);
			runOnlyForDeploymentPostprocessing = 0;
			shellPath = /bin/sh;
			shellScript = "\"${PODS_ROOT}/Target Support Files/Pods-Heron-HeronUITests/Pods-Heron-HeronUITests-frameworks.sh\"\n";
			showEnvVarsInLog = 0;
		};
		DA67F540836E541EE4B374E8 /* [CP] Check Pods Manifest.lock */ = {
			isa = PBXShellScriptBuildPhase;
			buildActionMask = 2147483647;
			files = (
			);
			inputFileListPaths = (
			);
			inputPaths = (
				"${PODS_PODFILE_DIR_PATH}/Podfile.lock",
				"${PODS_ROOT}/Manifest.lock",
			);
			name = "[CP] Check Pods Manifest.lock";
			outputFileListPaths = (
			);
			outputPaths = (
				"$(DERIVED_FILE_DIR)/Pods-HeronTests-checkManifestLockResult.txt",
			);
			runOnlyForDeploymentPostprocessing = 0;
			shellPath = /bin/sh;
			shellScript = "diff \"${PODS_PODFILE_DIR_PATH}/Podfile.lock\" \"${PODS_ROOT}/Manifest.lock\" > /dev/null\nif [ $? != 0 ] ; then\n    # print error to STDERR\n    echo \"error: The sandbox is not in sync with the Podfile.lock. Run 'pod install' or update your CocoaPods installation.\" >&2\n    exit 1\nfi\n# This output is used by Xcode 'outputs' to avoid re-running this script phase.\necho \"SUCCESS\" > \"${SCRIPT_OUTPUT_FILE_0}\"\n";
			showEnvVarsInLog = 0;
		};
/* End PBXShellScriptBuildPhase section */

/* Begin PBXSourcesBuildPhase section */
		933D18D62819935900F1CCC4 /* Sources */ = {
			isa = PBXSourcesBuildPhase;
			buildActionMask = 2147483647;
			files = (
				933D19392819946800F1CCC4 /* String_EXT.swift in Sources */,
				930F3032281A05A1003D247A /* ProductListingViewModel.swift in Sources */,
				93D55226282811D20034B2B7 /* Alert_Ext.swift in Sources */,
				933D193A2819946800F1CCC4 /* UIColor_EXT.swift in Sources */,
				933D1913281993DB00F1CCC4 /* AppDelegate.swift in Sources */,
				933D19412819947000F1CCC4 /* SessionDataSource.swift in Sources */,
				930F3039281A1305003D247A /* BaseViewController.swift in Sources */,
				933D191C2819940B00F1CCC4 /* ApplicationDataHandler.swift in Sources */,
				930F3036281A05C7003D247A /* ProductDetailsViewController.swift in Sources */,
				933D19372819946800F1CCC4 /* UIViewController_EXT.swift in Sources */,
				93BB690F2830033000BC2E5E /* CategoryCollectionViewCell.swift in Sources */,
				933D19272819946000F1CCC4 /* VW_LoadingAnimation.swift in Sources */,
				93D55231282A79B40034B2B7 /* AddToCartViewModel.swift in Sources */,
				933D19362819946800F1CCC4 /* UIFont_EXT.swift in Sources */,
				933D19352819946800F1CCC4 /* UIImageView_EXT.swift in Sources */,
				933D18E82819935900F1CCC4 /* Heron.xcdatamodeld in Sources */,
				933D19212819944100F1CCC4 /* MainViewController.swift in Sources */,
				933D19192819940B00F1CCC4 /* ApplicationTracking.swift in Sources */,
				933D191D2819940B00F1CCC4 /* ApplicationMacros.swift in Sources */,
				933D19402819947000F1CCC4 /* UserDataSource.swift in Sources */,
				938F7A8E28210F3100DD60DB /* ProductTableViewCell.swift in Sources */,
				933D191A2819940B00F1CCC4 /* ApplicationCoreData.swift in Sources */,
				930F3034281A05B5003D247A /* ProductDetailsViewModel.swift in Sources */,
				93D5522F282A76B60034B2B7 /* AddToCartViewController.swift in Sources */,
				938F7A8B2820E7DC00DD60DB /* HomepageViewController.swift in Sources */,
				93D5522C282A75040034B2B7 /* ProductFilterViewController.swift in Sources */,
				938F7A882820E78F00DD60DB /* MyOrderViewController.swift in Sources */,
				93BB6911283003B000BC2E5E /* ProductFilterViewModel.swift in Sources */,
				93BB69132830050D00BC2E5E /* CategoryDataSource.swift in Sources */,
				933D19382819946800F1CCC4 /* UIView_EXT.swift in Sources */,
				933D19342819946800F1CCC4 /* UITableView_EXT.swift in Sources */,
				933D19432819947000F1CCC4 /* ResponseDataSource.swift in Sources */,
				933D194828199EEB00F1CCC4 /* ProductListingViewController.swift in Sources */,
				933D19322819946800F1CCC4 /* UITextField_EXT.swift in Sources */,
				938F7AAC28220DD600DD60DB /* BannerView.swift in Sources */,
				933D191B2819940B00F1CCC4 /* AppNavigationController.swift in Sources */,
				93D55229282A73710034B2B7 /* CartViewController.swift in Sources */,
				933D19242819944C00F1CCC4 /* LunchScreenViewController.swift in Sources */,
				93D552212827FA800034B2B7 /* ProductDataSource.swift in Sources */,
				933D19422819947000F1CCC4 /* AppVersionDataSource.swift in Sources */,
			);
			runOnlyForDeploymentPostprocessing = 0;
		};
		933D18EF2819935E00F1CCC4 /* Sources */ = {
			isa = PBXSourcesBuildPhase;
			buildActionMask = 2147483647;
			files = (
				933D18F82819935E00F1CCC4 /* HeronTests.swift in Sources */,
			);
			runOnlyForDeploymentPostprocessing = 0;
		};
		933D18F92819935E00F1CCC4 /* Sources */ = {
			isa = PBXSourcesBuildPhase;
			buildActionMask = 2147483647;
			files = (
				933D19022819935E00F1CCC4 /* HeronUITests.swift in Sources */,
				933D19042819935E00F1CCC4 /* HeronUITestsLaunchTests.swift in Sources */,
			);
			runOnlyForDeploymentPostprocessing = 0;
		};
/* End PBXSourcesBuildPhase section */

/* Begin PBXTargetDependency section */
		933D18F52819935E00F1CCC4 /* PBXTargetDependency */ = {
			isa = PBXTargetDependency;
			target = 933D18D92819935900F1CCC4 /* Heron */;
			targetProxy = 933D18F42819935E00F1CCC4 /* PBXContainerItemProxy */;
		};
		933D18FF2819935E00F1CCC4 /* PBXTargetDependency */ = {
			isa = PBXTargetDependency;
			target = 933D18D92819935900F1CCC4 /* Heron */;
			targetProxy = 933D18FE2819935E00F1CCC4 /* PBXContainerItemProxy */;
		};
/* End PBXTargetDependency section */

/* Begin PBXVariantGroup section */
		933D18EB2819935E00F1CCC4 /* LaunchScreen.storyboard */ = {
			isa = PBXVariantGroup;
			children = (
				933D18EC2819935E00F1CCC4 /* Base */,
			);
			name = LaunchScreen.storyboard;
			sourceTree = "<group>";
		};
/* End PBXVariantGroup section */

/* Begin XCBuildConfiguration section */
		933D19052819935E00F1CCC4 /* Debug */ = {
			isa = XCBuildConfiguration;
			buildSettings = {
				ALWAYS_SEARCH_USER_PATHS = NO;
				CLANG_ANALYZER_NONNULL = YES;
				CLANG_ANALYZER_NUMBER_OBJECT_CONVERSION = YES_AGGRESSIVE;
				CLANG_CXX_LANGUAGE_STANDARD = "gnu++17";
				CLANG_CXX_LIBRARY = "libc++";
				CLANG_ENABLE_MODULES = YES;
				CLANG_ENABLE_OBJC_ARC = YES;
				CLANG_ENABLE_OBJC_WEAK = YES;
				CLANG_WARN_BLOCK_CAPTURE_AUTORELEASING = YES;
				CLANG_WARN_BOOL_CONVERSION = YES;
				CLANG_WARN_COMMA = YES;
				CLANG_WARN_CONSTANT_CONVERSION = YES;
				CLANG_WARN_DEPRECATED_OBJC_IMPLEMENTATIONS = YES;
				CLANG_WARN_DIRECT_OBJC_ISA_USAGE = YES_ERROR;
				CLANG_WARN_DOCUMENTATION_COMMENTS = YES;
				CLANG_WARN_EMPTY_BODY = YES;
				CLANG_WARN_ENUM_CONVERSION = YES;
				CLANG_WARN_INFINITE_RECURSION = YES;
				CLANG_WARN_INT_CONVERSION = YES;
				CLANG_WARN_NON_LITERAL_NULL_CONVERSION = YES;
				CLANG_WARN_OBJC_IMPLICIT_RETAIN_SELF = YES;
				CLANG_WARN_OBJC_LITERAL_CONVERSION = YES;
				CLANG_WARN_OBJC_ROOT_CLASS = YES_ERROR;
				CLANG_WARN_QUOTED_INCLUDE_IN_FRAMEWORK_HEADER = YES;
				CLANG_WARN_RANGE_LOOP_ANALYSIS = YES;
				CLANG_WARN_STRICT_PROTOTYPES = YES;
				CLANG_WARN_SUSPICIOUS_MOVE = YES;
				CLANG_WARN_UNGUARDED_AVAILABILITY = YES_AGGRESSIVE;
				CLANG_WARN_UNREACHABLE_CODE = YES;
				CLANG_WARN__DUPLICATE_METHOD_MATCH = YES;
				COPY_PHASE_STRIP = NO;
				DEBUG_INFORMATION_FORMAT = dwarf;
				ENABLE_STRICT_OBJC_MSGSEND = YES;
				ENABLE_TESTABILITY = YES;
				GCC_C_LANGUAGE_STANDARD = gnu11;
				GCC_DYNAMIC_NO_PIC = NO;
				GCC_NO_COMMON_BLOCKS = YES;
				GCC_OPTIMIZATION_LEVEL = 0;
				GCC_PREPROCESSOR_DEFINITIONS = (
					"DEBUG=1",
					"$(inherited)",
				);
				GCC_WARN_64_TO_32_BIT_CONVERSION = YES;
				GCC_WARN_ABOUT_RETURN_TYPE = YES_ERROR;
				GCC_WARN_UNDECLARED_SELECTOR = YES;
				GCC_WARN_UNINITIALIZED_AUTOS = YES_AGGRESSIVE;
				GCC_WARN_UNUSED_FUNCTION = YES;
				GCC_WARN_UNUSED_VARIABLE = YES;
				IPHONEOS_DEPLOYMENT_TARGET = 15.2;
				MTL_ENABLE_DEBUG_INFO = INCLUDE_SOURCE;
				MTL_FAST_MATH = YES;
				ONLY_ACTIVE_ARCH = YES;
				SDKROOT = iphoneos;
				SWIFT_ACTIVE_COMPILATION_CONDITIONS = DEBUG;
				SWIFT_OPTIMIZATION_LEVEL = "-Onone";
			};
			name = Debug;
		};
		933D19062819935E00F1CCC4 /* Release */ = {
			isa = XCBuildConfiguration;
			buildSettings = {
				ALWAYS_SEARCH_USER_PATHS = NO;
				CLANG_ANALYZER_NONNULL = YES;
				CLANG_ANALYZER_NUMBER_OBJECT_CONVERSION = YES_AGGRESSIVE;
				CLANG_CXX_LANGUAGE_STANDARD = "gnu++17";
				CLANG_CXX_LIBRARY = "libc++";
				CLANG_ENABLE_MODULES = YES;
				CLANG_ENABLE_OBJC_ARC = YES;
				CLANG_ENABLE_OBJC_WEAK = YES;
				CLANG_WARN_BLOCK_CAPTURE_AUTORELEASING = YES;
				CLANG_WARN_BOOL_CONVERSION = YES;
				CLANG_WARN_COMMA = YES;
				CLANG_WARN_CONSTANT_CONVERSION = YES;
				CLANG_WARN_DEPRECATED_OBJC_IMPLEMENTATIONS = YES;
				CLANG_WARN_DIRECT_OBJC_ISA_USAGE = YES_ERROR;
				CLANG_WARN_DOCUMENTATION_COMMENTS = YES;
				CLANG_WARN_EMPTY_BODY = YES;
				CLANG_WARN_ENUM_CONVERSION = YES;
				CLANG_WARN_INFINITE_RECURSION = YES;
				CLANG_WARN_INT_CONVERSION = YES;
				CLANG_WARN_NON_LITERAL_NULL_CONVERSION = YES;
				CLANG_WARN_OBJC_IMPLICIT_RETAIN_SELF = YES;
				CLANG_WARN_OBJC_LITERAL_CONVERSION = YES;
				CLANG_WARN_OBJC_ROOT_CLASS = YES_ERROR;
				CLANG_WARN_QUOTED_INCLUDE_IN_FRAMEWORK_HEADER = YES;
				CLANG_WARN_RANGE_LOOP_ANALYSIS = YES;
				CLANG_WARN_STRICT_PROTOTYPES = YES;
				CLANG_WARN_SUSPICIOUS_MOVE = YES;
				CLANG_WARN_UNGUARDED_AVAILABILITY = YES_AGGRESSIVE;
				CLANG_WARN_UNREACHABLE_CODE = YES;
				CLANG_WARN__DUPLICATE_METHOD_MATCH = YES;
				COPY_PHASE_STRIP = NO;
				DEBUG_INFORMATION_FORMAT = "dwarf-with-dsym";
				ENABLE_NS_ASSERTIONS = NO;
				ENABLE_STRICT_OBJC_MSGSEND = YES;
				GCC_C_LANGUAGE_STANDARD = gnu11;
				GCC_NO_COMMON_BLOCKS = YES;
				GCC_WARN_64_TO_32_BIT_CONVERSION = YES;
				GCC_WARN_ABOUT_RETURN_TYPE = YES_ERROR;
				GCC_WARN_UNDECLARED_SELECTOR = YES;
				GCC_WARN_UNINITIALIZED_AUTOS = YES_AGGRESSIVE;
				GCC_WARN_UNUSED_FUNCTION = YES;
				GCC_WARN_UNUSED_VARIABLE = YES;
				IPHONEOS_DEPLOYMENT_TARGET = 15.2;
				MTL_ENABLE_DEBUG_INFO = NO;
				MTL_FAST_MATH = YES;
				SDKROOT = iphoneos;
				SWIFT_COMPILATION_MODE = wholemodule;
				SWIFT_OPTIMIZATION_LEVEL = "-O";
				VALIDATE_PRODUCT = YES;
			};
			name = Release;
		};
		933D19082819935E00F1CCC4 /* Debug */ = {
			isa = XCBuildConfiguration;
			baseConfigurationReference = EFB177E120D1345F5BAF7A28 /* Pods-Heron.debug.xcconfig */;
			buildSettings = {
				ASSETCATALOG_COMPILER_APPICON_NAME = AppIcon;
				ASSETCATALOG_COMPILER_GLOBAL_ACCENT_COLOR_NAME = AccentColor;
				CLANG_ENABLE_MODULES = YES;
				CODE_SIGN_ENTITLEMENTS = Heron/Heron.entitlements;
				CODE_SIGN_STYLE = Automatic;
				CURRENT_PROJECT_VERSION = 4;
				DEVELOPMENT_TEAM = 5592AK55J4;
				GENERATE_INFOPLIST_FILE = YES;
				INFOPLIST_FILE = Heron/SupportingFiles/Info.plist;
				INFOPLIST_KEY_CFBundleDisplayName = Heron;
				INFOPLIST_KEY_NSLocationWhenInUseUsageDescription = "Request Location to checking your privacies";
				INFOPLIST_KEY_UIApplicationSupportsIndirectInputEvents = YES;
				INFOPLIST_KEY_UILaunchStoryboardName = LaunchScreen;
				INFOPLIST_KEY_UIMainStoryboardFile = LaunchScreen;
				INFOPLIST_KEY_UISupportedInterfaceOrientations = UIInterfaceOrientationPortrait;
				INFOPLIST_KEY_UISupportedInterfaceOrientations_iPad = "UIInterfaceOrientationPortrait UIInterfaceOrientationPortraitUpsideDown UIInterfaceOrientationLandscapeLeft UIInterfaceOrientationLandscapeRight";
				INFOPLIST_KEY_UISupportedInterfaceOrientations_iPhone = "UIInterfaceOrientationPortrait UIInterfaceOrientationLandscapeLeft UIInterfaceOrientationLandscapeRight";
				IPHONEOS_DEPLOYMENT_TARGET = 13.0;
				LD_RUNPATH_SEARCH_PATHS = (
					"$(inherited)",
					"@executable_path/Frameworks",
				);
				MARKETING_VERSION = 1.0.0;
				PRODUCT_BUNDLE_IDENTIFIER = com.cbi.healthcare.heron;
				PRODUCT_NAME = "$(TARGET_NAME)";
				SWIFT_EMIT_LOC_STRINGS = YES;
				SWIFT_OPTIMIZATION_LEVEL = "-Onone";
				SWIFT_VERSION = 5.0;
				TARGETED_DEVICE_FAMILY = "1,2";
			};
			name = Debug;
		};
		933D19092819935E00F1CCC4 /* Release */ = {
			isa = XCBuildConfiguration;
			baseConfigurationReference = FE5658FDA4AA8F3FACA459F3 /* Pods-Heron.release.xcconfig */;
			buildSettings = {
				ASSETCATALOG_COMPILER_APPICON_NAME = AppIcon;
				ASSETCATALOG_COMPILER_GLOBAL_ACCENT_COLOR_NAME = AccentColor;
				CLANG_ENABLE_MODULES = YES;
				CODE_SIGN_ENTITLEMENTS = Heron/Heron.entitlements;
				CODE_SIGN_STYLE = Automatic;
				CURRENT_PROJECT_VERSION = 4;
				DEVELOPMENT_TEAM = 5592AK55J4;
				GENERATE_INFOPLIST_FILE = YES;
				INFOPLIST_FILE = Heron/SupportingFiles/Info.plist;
				INFOPLIST_KEY_CFBundleDisplayName = Heron;
				INFOPLIST_KEY_NSLocationWhenInUseUsageDescription = "Request Location to checking your privacies";
				INFOPLIST_KEY_UIApplicationSupportsIndirectInputEvents = YES;
				INFOPLIST_KEY_UILaunchStoryboardName = LaunchScreen;
				INFOPLIST_KEY_UIMainStoryboardFile = LaunchScreen;
				INFOPLIST_KEY_UISupportedInterfaceOrientations = UIInterfaceOrientationPortrait;
				INFOPLIST_KEY_UISupportedInterfaceOrientations_iPad = "UIInterfaceOrientationPortrait UIInterfaceOrientationPortraitUpsideDown UIInterfaceOrientationLandscapeLeft UIInterfaceOrientationLandscapeRight";
				INFOPLIST_KEY_UISupportedInterfaceOrientations_iPhone = "UIInterfaceOrientationPortrait UIInterfaceOrientationLandscapeLeft UIInterfaceOrientationLandscapeRight";
				IPHONEOS_DEPLOYMENT_TARGET = 13.0;
				LD_RUNPATH_SEARCH_PATHS = (
					"$(inherited)",
					"@executable_path/Frameworks",
				);
				MARKETING_VERSION = 1.0.0;
				PRODUCT_BUNDLE_IDENTIFIER = com.cbi.healthcare.heron;
				PRODUCT_NAME = "$(TARGET_NAME)";
				SWIFT_EMIT_LOC_STRINGS = YES;
				SWIFT_VERSION = 5.0;
				TARGETED_DEVICE_FAMILY = "1,2";
			};
			name = Release;
		};
		933D190B2819935E00F1CCC4 /* Debug */ = {
			isa = XCBuildConfiguration;
			baseConfigurationReference = 718D7E879D9BB835A6FFA734 /* Pods-HeronTests.debug.xcconfig */;
			buildSettings = {
				ALWAYS_EMBED_SWIFT_STANDARD_LIBRARIES = YES;
				BUNDLE_LOADER = "$(TEST_HOST)";
				CODE_SIGN_STYLE = Automatic;
				CURRENT_PROJECT_VERSION = 1;
				DEVELOPMENT_TEAM = 5592AK55J4;
				GENERATE_INFOPLIST_FILE = YES;
				IPHONEOS_DEPLOYMENT_TARGET = 15.2;
				MARKETING_VERSION = 1.0;
				PRODUCT_BUNDLE_IDENTIFIER = ch.tus.ain.HeronTests;
				PRODUCT_NAME = "$(TARGET_NAME)";
				SWIFT_EMIT_LOC_STRINGS = NO;
				SWIFT_VERSION = 5.0;
				TARGETED_DEVICE_FAMILY = "1,2";
				TEST_HOST = "$(BUILT_PRODUCTS_DIR)/Heron.app/Heron";
			};
			name = Debug;
		};
		933D190C2819935E00F1CCC4 /* Release */ = {
			isa = XCBuildConfiguration;
			baseConfigurationReference = 2F07810B31D8BE9A038CEA94 /* Pods-HeronTests.release.xcconfig */;
			buildSettings = {
				ALWAYS_EMBED_SWIFT_STANDARD_LIBRARIES = YES;
				BUNDLE_LOADER = "$(TEST_HOST)";
				CODE_SIGN_STYLE = Automatic;
				CURRENT_PROJECT_VERSION = 1;
				DEVELOPMENT_TEAM = 5592AK55J4;
				GENERATE_INFOPLIST_FILE = YES;
				IPHONEOS_DEPLOYMENT_TARGET = 15.2;
				MARKETING_VERSION = 1.0;
				PRODUCT_BUNDLE_IDENTIFIER = ch.tus.ain.HeronTests;
				PRODUCT_NAME = "$(TARGET_NAME)";
				SWIFT_EMIT_LOC_STRINGS = NO;
				SWIFT_VERSION = 5.0;
				TARGETED_DEVICE_FAMILY = "1,2";
				TEST_HOST = "$(BUILT_PRODUCTS_DIR)/Heron.app/Heron";
			};
			name = Release;
		};
		933D190E2819935E00F1CCC4 /* Debug */ = {
			isa = XCBuildConfiguration;
			baseConfigurationReference = 274A19593BFB005372FA29B7 /* Pods-Heron-HeronUITests.debug.xcconfig */;
			buildSettings = {
				ALWAYS_EMBED_SWIFT_STANDARD_LIBRARIES = YES;
				CODE_SIGN_STYLE = Automatic;
				CURRENT_PROJECT_VERSION = 1;
				DEVELOPMENT_TEAM = 5592AK55J4;
				GENERATE_INFOPLIST_FILE = YES;
				MARKETING_VERSION = 1.0;
				PRODUCT_BUNDLE_IDENTIFIER = ch.tus.ain.HeronUITests;
				PRODUCT_NAME = "$(TARGET_NAME)";
				SWIFT_EMIT_LOC_STRINGS = NO;
				SWIFT_VERSION = 5.0;
				TARGETED_DEVICE_FAMILY = "1,2";
				TEST_TARGET_NAME = Heron;
			};
			name = Debug;
		};
		933D190F2819935E00F1CCC4 /* Release */ = {
			isa = XCBuildConfiguration;
			baseConfigurationReference = E85654E54AF8EB6B8A702EA4 /* Pods-Heron-HeronUITests.release.xcconfig */;
			buildSettings = {
				ALWAYS_EMBED_SWIFT_STANDARD_LIBRARIES = YES;
				CODE_SIGN_STYLE = Automatic;
				CURRENT_PROJECT_VERSION = 1;
				DEVELOPMENT_TEAM = 5592AK55J4;
				GENERATE_INFOPLIST_FILE = YES;
				MARKETING_VERSION = 1.0;
				PRODUCT_BUNDLE_IDENTIFIER = ch.tus.ain.HeronUITests;
				PRODUCT_NAME = "$(TARGET_NAME)";
				SWIFT_EMIT_LOC_STRINGS = NO;
				SWIFT_VERSION = 5.0;
				TARGETED_DEVICE_FAMILY = "1,2";
				TEST_TARGET_NAME = Heron;
			};
			name = Release;
		};
/* End XCBuildConfiguration section */

/* Begin XCConfigurationList section */
		933D18D52819935900F1CCC4 /* Build configuration list for PBXProject "Heron" */ = {
			isa = XCConfigurationList;
			buildConfigurations = (
				933D19052819935E00F1CCC4 /* Debug */,
				933D19062819935E00F1CCC4 /* Release */,
			);
			defaultConfigurationIsVisible = 0;
			defaultConfigurationName = Release;
		};
		933D19072819935E00F1CCC4 /* Build configuration list for PBXNativeTarget "Heron" */ = {
			isa = XCConfigurationList;
			buildConfigurations = (
				933D19082819935E00F1CCC4 /* Debug */,
				933D19092819935E00F1CCC4 /* Release */,
			);
			defaultConfigurationIsVisible = 0;
			defaultConfigurationName = Release;
		};
		933D190A2819935E00F1CCC4 /* Build configuration list for PBXNativeTarget "HeronTests" */ = {
			isa = XCConfigurationList;
			buildConfigurations = (
				933D190B2819935E00F1CCC4 /* Debug */,
				933D190C2819935E00F1CCC4 /* Release */,
			);
			defaultConfigurationIsVisible = 0;
			defaultConfigurationName = Release;
		};
		933D190D2819935E00F1CCC4 /* Build configuration list for PBXNativeTarget "HeronUITests" */ = {
			isa = XCConfigurationList;
			buildConfigurations = (
				933D190E2819935E00F1CCC4 /* Debug */,
				933D190F2819935E00F1CCC4 /* Release */,
			);
			defaultConfigurationIsVisible = 0;
			defaultConfigurationName = Release;
		};
/* End XCConfigurationList section */

/* Begin XCVersionGroup section */
		933D18E62819935900F1CCC4 /* Heron.xcdatamodeld */ = {
			isa = XCVersionGroup;
			children = (
				933D18E72819935900F1CCC4 /* Heron.xcdatamodel */,
			);
			currentVersion = 933D18E72819935900F1CCC4 /* Heron.xcdatamodel */;
			path = Heron.xcdatamodeld;
			sourceTree = "<group>";
			versionGroupType = wrapper.xcdatamodel;
		};
/* End XCVersionGroup section */
	};
	rootObject = 933D18D22819935900F1CCC4 /* Project object */;
}
